// !$*UTF8*$!
{
	archiveVersion = 1;
	classes = {
	};
	objectVersion = 46;
	objects = {

/* Begin PBXBuildFile section */
		1886A18A19518D1E00E257F9 /* Foundation.framework in Frameworks */ = {isa = PBXBuildFile; fileRef = 1886A18919518D1E00E257F9 /* Foundation.framework */; };
		1886A18C19518D1E00E257F9 /* CoreGraphics.framework in Frameworks */ = {isa = PBXBuildFile; fileRef = 1886A18B19518D1E00E257F9 /* CoreGraphics.framework */; };
		1886A18E19518D1E00E257F9 /* UIKit.framework in Frameworks */ = {isa = PBXBuildFile; fileRef = 1886A18D19518D1E00E257F9 /* UIKit.framework */; };
		1886A19419518D1E00E257F9 /* InfoPlist.strings in Resources */ = {isa = PBXBuildFile; fileRef = 1886A19219518D1E00E257F9 /* InfoPlist.strings */; };
		1886A19619518D1E00E257F9 /* main.m in Sources */ = {isa = PBXBuildFile; fileRef = 1886A19519518D1E00E257F9 /* main.m */; };
		1886A19A19518D1E00E257F9 /* AppDelegate.m in Sources */ = {isa = PBXBuildFile; fileRef = 1886A19919518D1E00E257F9 /* AppDelegate.m */; };
		1886A19D19518D1E00E257F9 /* Main.storyboard in Resources */ = {isa = PBXBuildFile; fileRef = 1886A19B19518D1E00E257F9 /* Main.storyboard */; };
		1886A1A019518D1E00E257F9 /* ViewController.m in Sources */ = {isa = PBXBuildFile; fileRef = 1886A19F19518D1E00E257F9 /* ViewController.m */; };
		1886A1A219518D1E00E257F9 /* Images.xcassets in Resources */ = {isa = PBXBuildFile; fileRef = 1886A1A119518D1E00E257F9 /* Images.xcassets */; };
		1886A1A919518D1E00E257F9 /* XCTest.framework in Frameworks */ = {isa = PBXBuildFile; fileRef = 1886A1A819518D1E00E257F9 /* XCTest.framework */; };
		1886A1AA19518D1E00E257F9 /* Foundation.framework in Frameworks */ = {isa = PBXBuildFile; fileRef = 1886A18919518D1E00E257F9 /* Foundation.framework */; };
		1886A1AB19518D1E00E257F9 /* UIKit.framework in Frameworks */ = {isa = PBXBuildFile; fileRef = 1886A18D19518D1E00E257F9 /* UIKit.framework */; };
		1886A1B319518D1E00E257F9 /* InfoPlist.strings in Resources */ = {isa = PBXBuildFile; fileRef = 1886A1B119518D1E00E257F9 /* InfoPlist.strings */; };
		1886A1B519518D1E00E257F9 /* hellowordTests.m in Sources */ = {isa = PBXBuildFile; fileRef = 1886A1B419518D1E00E257F9 /* hellowordTests.m */; };
/* End PBXBuildFile section */

/* Begin PBXContainerItemProxy section */
		1886A1AC19518D1E00E257F9 /* PBXContainerItemProxy */ = {
			isa = PBXContainerItemProxy;
			containerPortal = 1886A17E19518D1E00E257F9 /* Project object */;
			proxyType = 1;
			remoteGlobalIDString = 1886A18519518D1E00E257F9;
			remoteInfo = helloword;
		};
/* End PBXContainerItemProxy section */

/* Begin PBXFileReference section */
		1886A18619518D1E00E257F9 /* helloword.app */ = {isa = PBXFileReference; explicitFileType = wrapper.application; includeInIndex = 0; path = helloword.app; sourceTree = BUILT_PRODUCTS_DIR; };
		1886A18919518D1E00E257F9 /* Foundation.framework */ = {isa = PBXFileReference; lastKnownFileType = wrapper.framework; name = Foundation.framework; path = System/Library/Frameworks/Foundation.framework; sourceTree = SDKROOT; };
		1886A18B19518D1E00E257F9 /* CoreGraphics.framework */ = {isa = PBXFileReference; lastKnownFileType = wrapper.framework; name = CoreGraphics.framework; path = System/Library/Frameworks/CoreGraphics.framework; sourceTree = SDKROOT; };
		1886A18D19518D1E00E257F9 /* UIKit.framework */ = {isa = PBXFileReference; lastKnownFileType = wrapper.framework; name = UIKit.framework; path = System/Library/Frameworks/UIKit.framework; sourceTree = SDKROOT; };
		1886A19119518D1E00E257F9 /* helloword-Info.plist */ = {isa = PBXFileReference; lastKnownFileType = text.plist.xml; path = "helloword-Info.plist"; sourceTree = "<group>"; };
		1886A19319518D1E00E257F9 /* en */ = {isa = PBXFileReference; lastKnownFileType = text.plist.strings; name = en; path = en.lproj/InfoPlist.strings; sourceTree = "<group>"; };
		1886A19519518D1E00E257F9 /* main.m */ = {isa = PBXFileReference; lastKnownFileType = sourcecode.c.objc; path = main.m; sourceTree = "<group>"; };
		1886A19719518D1E00E257F9 /* helloword-Prefix.pch */ = {isa = PBXFileReference; lastKnownFileType = sourcecode.c.h; path = "helloword-Prefix.pch"; sourceTree = "<group>"; };
		1886A19819518D1E00E257F9 /* AppDelegate.h */ = {isa = PBXFileReference; lastKnownFileType = sourcecode.c.h; path = AppDelegate.h; sourceTree = "<group>"; };
		1886A19919518D1E00E257F9 /* AppDelegate.m */ = {isa = PBXFileReference; lastKnownFileType = sourcecode.c.objc; path = AppDelegate.m; sourceTree = "<group>"; };
		1886A19C19518D1E00E257F9 /* Base */ = {isa = PBXFileReference; lastKnownFileType = file.storyboard; name = Base; path = Base.lproj/Main.storyboard; sourceTree = "<group>"; };
		1886A19E19518D1E00E257F9 /* ViewController.h */ = {isa = PBXFileReference; lastKnownFileType = sourcecode.c.h; path = ViewController.h; sourceTree = "<group>"; };
		1886A19F19518D1E00E257F9 /* ViewController.m */ = {isa = PBXFileReference; lastKnownFileType = sourcecode.c.objc; path = ViewController.m; sourceTree = "<group>"; };
		1886A1A119518D1E00E257F9 /* Images.xcassets */ = {isa = PBXFileReference; lastKnownFileType = folder.assetcatalog; path = Images.xcassets; sourceTree = "<group>"; };
		1886A1A719518D1E00E257F9 /* hellowordTests.xctest */ = {isa = PBXFileReference; explicitFileType = wrapper.cfbundle; includeInIndex = 0; path = hellowordTests.xctest; sourceTree = BUILT_PRODUCTS_DIR; };
		1886A1A819518D1E00E257F9 /* XCTest.framework */ = {isa = PBXFileReference; lastKnownFileType = wrapper.framework; name = XCTest.framework; path = Library/Frameworks/XCTest.framework; sourceTree = DEVELOPER_DIR; };
		1886A1B019518D1E00E257F9 /* hellowordTests-Info.plist */ = {isa = PBXFileReference; lastKnownFileType = text.plist.xml; path = "hellowordTests-Info.plist"; sourceTree = "<group>"; };
		1886A1B219518D1E00E257F9 /* en */ = {isa = PBXFileReference; lastKnownFileType = text.plist.strings; name = en; path = en.lproj/InfoPlist.strings; sourceTree = "<group>"; };
		1886A1B419518D1E00E257F9 /* hellowordTests.m */ = {isa = PBXFileReference; lastKnownFileType = sourcecode.c.objc; path = hellowordTests.m; sourceTree = "<group>"; };
/* End PBXFileReference section */

/* Begin PBXFrameworksBuildPhase section */
		1886A18319518D1E00E257F9 /* Frameworks */ = {
			isa = PBXFrameworksBuildPhase;
			buildActionMask = 2147483647;
			files = (
				1886A18C19518D1E00E257F9 /* CoreGraphics.framework in Frameworks */,
				1886A18E19518D1E00E257F9 /* UIKit.framework in Frameworks */,
				1886A18A19518D1E00E257F9 /* Foundation.framework in Frameworks */,
			);
			runOnlyForDeploymentPostprocessing = 0;
		};
		1886A1A419518D1E00E257F9 /* Frameworks */ = {
			isa = PBXFrameworksBuildPhase;
			buildActionMask = 2147483647;
			files = (
				1886A1A919518D1E00E257F9 /* XCTest.framework in Frameworks */,
				1886A1AB19518D1E00E257F9 /* UIKit.framework in Frameworks */,
				1886A1AA19518D1E00E257F9 /* Foundation.framework in Frameworks */,
			);
			runOnlyForDeploymentPostprocessing = 0;
		};
/* End PBXFrameworksBuildPhase section */

/* Begin PBXGroup section */
		1886A17D19518D1E00E257F9 = {
			isa = PBXGroup;
			children = (
				1886A18F19518D1E00E257F9 /* helloword */,
				1886A1AE19518D1E00E257F9 /* hellowordTests */,
				1886A18819518D1E00E257F9 /* Frameworks */,
				1886A18719518D1E00E257F9 /* Products */,
			);
			sourceTree = "<group>";
		};
		1886A18719518D1E00E257F9 /* Products */ = {
			isa = PBXGroup;
			children = (
				1886A18619518D1E00E257F9 /* helloword.app */,
				1886A1A719518D1E00E257F9 /* hellowordTests.xctest */,
			);
			name = Products;
			sourceTree = "<group>";
		};
		1886A18819518D1E00E257F9 /* Frameworks */ = {
			isa = PBXGroup;
			children = (
				1886A18919518D1E00E257F9 /* Foundation.framework */,
				1886A18B19518D1E00E257F9 /* CoreGraphics.framework */,
				1886A18D19518D1E00E257F9 /* UIKit.framework */,
				1886A1A819518D1E00E257F9 /* XCTest.framework */,
			);
			name = Frameworks;
			sourceTree = "<group>";
		};
		1886A18F19518D1E00E257F9 /* helloword */ = {
			isa = PBXGroup;
			children = (
				1886A19819518D1E00E257F9 /* AppDelegate.h */,
				1886A19919518D1E00E257F9 /* AppDelegate.m */,
				1886A19B19518D1E00E257F9 /* Main.storyboard */,
				1886A19E19518D1E00E257F9 /* ViewController.h */,
				1886A19F19518D1E00E257F9 /* ViewController.m */,
				1886A1A119518D1E00E257F9 /* Images.xcassets */,
				1886A19019518D1E00E257F9 /* Supporting Files */,
			);
			path = helloword;
			sourceTree = "<group>";
		};
		1886A19019518D1E00E257F9 /* Supporting Files */ = {
			isa = PBXGroup;
			children = (
				1886A19119518D1E00E257F9 /* helloword-Info.plist */,
				1886A19219518D1E00E257F9 /* InfoPlist.strings */,
				1886A19519518D1E00E257F9 /* main.m */,
				1886A19719518D1E00E257F9 /* helloword-Prefix.pch */,
			);
			name = "Supporting Files";
			sourceTree = "<group>";
		};
		1886A1AE19518D1E00E257F9 /* hellowordTests */ = {
			isa = PBXGroup;
			children = (
				1886A1B419518D1E00E257F9 /* hellowordTests.m */,
				1886A1AF19518D1E00E257F9 /* Supporting Files */,
			);
			path = hellowordTests;
			sourceTree = "<group>";
		};
		1886A1AF19518D1E00E257F9 /* Supporting Files */ = {
			isa = PBXGroup;
			children = (
				1886A1B019518D1E00E257F9 /* hellowordTests-Info.plist */,
				1886A1B119518D1E00E257F9 /* InfoPlist.strings */,
			);
			name = "Supporting Files";
			sourceTree = "<group>";
		};
/* End PBXGroup section */

/* Begin PBXNativeTarget section */
		1886A18519518D1E00E257F9 /* helloword */ = {
			isa = PBXNativeTarget;
			buildConfigurationList = 1886A1B819518D1E00E257F9 /* Build configuration list for PBXNativeTarget "helloword" */;
			buildPhases = (
				1886A18219518D1E00E257F9 /* Sources */,
				1886A18319518D1E00E257F9 /* Frameworks */,
				1886A18419518D1E00E257F9 /* Resources */,
			);
			buildRules = (
			);
			dependencies = (
			);
			name = helloword;
			productName = helloword;
			productReference = 1886A18619518D1E00E257F9 /* helloword.app */;
			productType = "com.apple.product-type.application";
		};
		1886A1A619518D1E00E257F9 /* hellowordTests */ = {
			isa = PBXNativeTarget;
			buildConfigurationList = 1886A1BB19518D1E00E257F9 /* Build configuration list for PBXNativeTarget "hellowordTests" */;
			buildPhases = (
				1886A1A319518D1E00E257F9 /* Sources */,
				1886A1A419518D1E00E257F9 /* Frameworks */,
				1886A1A519518D1E00E257F9 /* Resources */,
			);
			buildRules = (
			);
			dependencies = (
				1886A1AD19518D1E00E257F9 /* PBXTargetDependency */,
			);
			name = hellowordTests;
			productName = hellowordTests;
			productReference = 1886A1A719518D1E00E257F9 /* hellowordTests.xctest */;
			productType = "com.apple.product-type.bundle.unit-test";
		};
/* End PBXNativeTarget section */

/* Begin PBXProject section */
		1886A17E19518D1E00E257F9 /* Project object */ = {
			isa = PBXProject;
			attributes = {
				LastUpgradeCheck = 0510;
				ORGANIZATIONNAME = "___ZHANGYANG___";
				TargetAttributes = {
					1886A1A619518D1E00E257F9 = {
						TestTargetID = 1886A18519518D1E00E257F9;
					};
				};
			};
			buildConfigurationList = 1886A18119518D1E00E257F9 /* Build configuration list for PBXProject "helloword" */;
			compatibilityVersion = "Xcode 3.2";
			developmentRegion = English;
			hasScannedForEncodings = 0;
			knownRegions = (
				en,
				Base,
			);
			mainGroup = 1886A17D19518D1E00E257F9;
			productRefGroup = 1886A18719518D1E00E257F9 /* Products */;
			projectDirPath = "";
			projectRoot = "";
			targets = (
				1886A18519518D1E00E257F9 /* helloword */,
				1886A1A619518D1E00E257F9 /* hellowordTests */,
			);
		};
/* End PBXProject section */

/* Begin PBXResourcesBuildPhase section */
		1886A18419518D1E00E257F9 /* Resources */ = {
			isa = PBXResourcesBuildPhase;
			buildActionMask = 2147483647;
			files = (
				1886A1A219518D1E00E257F9 /* Images.xcassets in Resources */,
				1886A19419518D1E00E257F9 /* InfoPlist.strings in Resources */,
				1886A19D19518D1E00E257F9 /* Main.storyboard in Resources */,
			);
			runOnlyForDeploymentPostprocessing = 0;
		};
		1886A1A519518D1E00E257F9 /* Resources */ = {
			isa = PBXResourcesBuildPhase;
			buildActionMask = 2147483647;
			files = (
				1886A1B319518D1E00E257F9 /* InfoPlist.strings in Resources */,
			);
			runOnlyForDeploymentPostprocessing = 0;
		};
/* End PBXResourcesBuildPhase section */

/* Begin PBXSourcesBuildPhase section */
		1886A18219518D1E00E257F9 /* Sources */ = {
			isa = PBXSourcesBuildPhase;
			buildActionMask = 2147483647;
			files = (
				1886A1A019518D1E00E257F9 /* ViewController.m in Sources */,
				1886A19A19518D1E00E257F9 /* AppDelegate.m in Sources */,
				1886A19619518D1E00E257F9 /* main.m in Sources */,
			);
			runOnlyForDeploymentPostprocessing = 0;
		};
		1886A1A319518D1E00E257F9 /* Sources */ = {
			isa = PBXSourcesBuildPhase;
			buildActionMask = 2147483647;
			files = (
				1886A1B519518D1E00E257F9 /* hellowordTests.m in Sources */,
			);
			runOnlyForDeploymentPostprocessing = 0;
		};
/* End PBXSourcesBuildPhase section */

/* Begin PBXTargetDependency section */
		1886A1AD19518D1E00E257F9 /* PBXTargetDependency */ = {
			isa = PBXTargetDependency;
			target = 1886A18519518D1E00E257F9 /* helloword */;
			targetProxy = 1886A1AC19518D1E00E257F9 /* PBXContainerItemProxy */;
		};
/* End PBXTargetDependency section */

/* Begin PBXVariantGroup section */
		1886A19219518D1E00E257F9 /* InfoPlist.strings */ = {
			isa = PBXVariantGroup;
			children = (
				1886A19319518D1E00E257F9 /* en */,
			);
			name = InfoPlist.strings;
			sourceTree = "<group>";
		};
		1886A19B19518D1E00E257F9 /* Main.storyboard */ = {
			isa = PBXVariantGroup;
			children = (
				1886A19C19518D1E00E257F9 /* Base */,
			);
			name = Main.storyboard;
			sourceTree = "<group>";
		};
		1886A1B119518D1E00E257F9 /* InfoPlist.strings */ = {
			isa = PBXVariantGroup;
			children = (
				1886A1B219518D1E00E257F9 /* en */,
			);
			name = InfoPlist.strings;
			sourceTree = "<group>";
		};
/* End PBXVariantGroup section */

/* Begin XCBuildConfiguration section */
		1886A1B619518D1E00E257F9 /* Debug */ = {
			isa = XCBuildConfiguration;
			buildSettings = {
				ALWAYS_SEARCH_USER_PATHS = NO;
				CLANG_CXX_LANGUAGE_STANDARD = "gnu++0x";
				CLANG_CXX_LIBRARY = "libc++";
				CLANG_ENABLE_MODULES = YES;
				CLANG_ENABLE_OBJC_ARC = YES;
				CLANG_WARN_BOOL_CONVERSION = YES;
				CLANG_WARN_CONSTANT_CONVERSION = YES;
				CLANG_WARN_DIRECT_OBJC_ISA_USAGE = YES_ERROR;
				CLANG_WARN_EMPTY_BODY = YES;
				CLANG_WARN_ENUM_CONVERSION = YES;
				CLANG_WARN_INT_CONVERSION = YES;
				CLANG_WARN_OBJC_ROOT_CLASS = YES_ERROR;
				CLANG_WARN__DUPLICATE_METHOD_MATCH = YES;
				"CODE_SIGN_IDENTITY[sdk=iphoneos*]" = "iPhone Developer";
				COPY_PHASE_STRIP = NO;
				GCC_C_LANGUAGE_STANDARD = gnu99;
				GCC_DYNAMIC_NO_PIC = NO;
				GCC_OPTIMIZATION_LEVEL = 0;
				GCC_PREPROCESSOR_DEFINITIONS = (
					"DEBUG=1",
					"$(inherited)",
				);
				GCC_SYMBOLS_PRIVATE_EXTERN = NO;
				GCC_WARN_64_TO_32_BIT_CONVERSION = YES;
				GCC_WARN_ABOUT_RETURN_TYPE = YES_ERROR;
				GCC_WARN_UNDECLARED_SELECTOR = YES;
				GCC_WARN_UNINITIALIZED_AUTOS = YES_AGGRESSIVE;
				GCC_WARN_UNUSED_FUNCTION = YES;
				GCC_WARN_UNUSED_VARIABLE = YES;
				IPHONEOS_DEPLOYMENT_TARGET = 7.1;
				ONLY_ACTIVE_ARCH = YES;
				SDKROOT = iphoneos;
			};
			name = Debug;
		};
		1886A1B719518D1E00E257F9 /* Release */ = {
			isa = XCBuildConfiguration;
			buildSettings = {
				ALWAYS_SEARCH_USER_PATHS = NO;
				CLANG_CXX_LANGUAGE_STANDARD = "gnu++0x";
				CLANG_CXX_LIBRARY = "libc++";
				CLANG_ENABLE_MODULES = YES;
				CLANG_ENABLE_OBJC_ARC = YES;
				CLANG_WARN_BOOL_CONVERSION = YES;
				CLANG_WARN_CONSTANT_CONVERSION = YES;
				CLANG_WARN_DIRECT_OBJC_ISA_USAGE = YES_ERROR;
				CLANG_WARN_EMPTY_BODY = YES;
				CLANG_WARN_ENUM_CONVERSION = YES;
				CLANG_WARN_INT_CONVERSION = YES;
				CLANG_WARN_OBJC_ROOT_CLASS = YES_ERROR;
				CLANG_WARN__DUPLICATE_METHOD_MATCH = YES;
				"CODE_SIGN_IDENTITY[sdk=iphoneos*]" = "iPhone Developer";
				COPY_PHASE_STRIP = YES;
				ENABLE_NS_ASSERTIONS = NO;
				GCC_C_LANGUAGE_STANDARD = gnu99;
				GCC_WARN_64_TO_32_BIT_CONVERSION = YES;
				GCC_WARN_ABOUT_RETURN_TYPE = YES_ERROR;
				GCC_WARN_UNDECLARED_SELECTOR = YES;
				GCC_WARN_UNINITIALIZED_AUTOS = YES_AGGRESSIVE;
				GCC_WARN_UNUSED_FUNCTION = YES;
				GCC_WARN_UNUSED_VARIABLE = YES;
				IPHONEOS_DEPLOYMENT_TARGET = 7.1;
				SDKROOT = iphoneos;
				VALIDATE_PRODUCT = YES;
			};
			name = Release;
		};
		1886A1B919518D1E00E257F9 /* Debug */ = {
			isa = XCBuildConfiguration;
			buildSettings = {
				ASSETCATALOG_COMPILER_APPICON_NAME = AppIcon;
				ASSETCATALOG_COMPILER_LAUNCHIMAGE_NAME = LaunchImage;
				GCC_PRECOMPILE_PREFIX_HEADER = YES;
				GCC_PREFIX_HEADER = "helloword/helloword-Prefix.pch";
				INFOPLIST_FILE = "helloword/helloword-Info.plist";
				PRODUCT_NAME = "$(TARGET_NAME)";
				WRAPPER_EXTENSION = app;
			};
			name = Debug;
		};
		1886A1BA19518D1E00E257F9 /* Release */ = {
			isa = XCBuildConfiguration;
			buildSettings = {
				ASSETCATALOG_COMPILER_APPICON_NAME = AppIcon;
				ASSETCATALOG_COMPILER_LAUNCHIMAGE_NAME = LaunchImage;
				GCC_PRECOMPILE_PREFIX_HEADER = YES;
				GCC_PREFIX_HEADER = "helloword/helloword-Prefix.pch";
				INFOPLIST_FILE = "helloword/helloword-Info.plist";
				PRODUCT_NAME = "$(TARGET_NAME)";
				WRAPPER_EXTENSION = app;
			};
			name = Release;
		};
		1886A1BC19518D1E00E257F9 /* Debug */ = {
			isa = XCBuildConfiguration;
			buildSettings = {
				BUNDLE_LOADER = "$(BUILT_PRODUCTS_DIR)/helloword.app/helloword";
				FRAMEWORK_SEARCH_PATHS = (
					"$(SDKROOT)/Developer/Library/Frameworks",
					"$(inherited)",
					"$(DEVELOPER_FRAMEWORKS_DIR)",
				);
				GCC_PRECOMPILE_PREFIX_HEADER = YES;
				GCC_PREFIX_HEADER = "helloword/helloword-Prefix.pch";
				GCC_PREPROCESSOR_DEFINITIONS = (
					"DEBUG=1",
					"$(inherited)",
				);
				INFOPLIST_FILE = "hellowordTests/hellowordTests-Info.plist";
				PRODUCT_NAME = "$(TARGET_NAME)";
				TEST_HOST = "$(BUNDLE_LOADER)";
				WRAPPER_EXTENSION = xctest;
			};
			name = Debug;
		};
		1886A1BD19518D1E00E257F9 /* Release */ = {
			isa = XCBuildConfiguration;
			buildSettings = {
				BUNDLE_LOADER = "$(BUILT_PRODUCTS_DIR)/helloword.app/helloword";
				FRAMEWORK_SEARCH_PATHS = (
					"$(SDKROOT)/Developer/Library/Frameworks",
					"$(inherited)",
					"$(DEVELOPER_FRAMEWORKS_DIR)",
				);
				GCC_PRECOMPILE_PREFIX_HEADER = YES;
				GCC_PREFIX_HEADER = "helloword/helloword-Prefix.pch";
				INFOPLIST_FILE = "hellowordTests/hellowordTests-Info.plist";
				PRODUCT_NAME = "$(TARGET_NAME)";
				TEST_HOST = "$(BUNDLE_LOADER)";
				WRAPPER_EXTENSION = xctest;
			};
			name = Release;
		};
/* End XCBuildConfiguration section */

/* Begin XCConfigurationList section */
		1886A18119518D1E00E257F9 /* Build configuration list for PBXProject "helloword" */ = {
			isa = XCConfigurationList;
			buildConfigurations = (
				1886A1B619518D1E00E257F9 /* Debug */,
				1886A1B719518D1E00E257F9 /* Release */,
			);
			defaultConfigurationIsVisible = 0;
			defaultConfigurationName = Release;
		};
		1886A1B819518D1E00E257F9 /* Build configuration list for PBXNativeTarget "helloword" */ = {
			isa = XCConfigurationList;
			buildConfigurations = (
				1886A1B919518D1E00E257F9 /* Debug */,
				1886A1BA19518D1E00E257F9 /* Release */,
			);
			defaultConfigurationIsVisible = 0;
		};
		1886A1BB19518D1E00E257F9 /* Build configuration list for PBXNativeTarget "hellowordTests" */ = {
			isa = XCConfigurationList;
			buildConfigurations = (
				1886A1BC19518D1E00E257F9 /* Debug */,
				1886A1BD19518D1E00E257F9 /* Release */,
			);
			defaultConfigurationIsVisible = 0;
		};
/* End XCConfigurationList section */
	};
	rootObject = 1886A17E19518D1E00E257F9 /* Project object */;
}
